
Microsoft Visual Studio Solution File, Format Version 12.00
# Visual Studio Version 16
VisualStudioVersion = 16.0.31410.357
MinimumVisualStudioVersion = 10.0.40219.1
Project("{FAE04EC0-301F-11D3-BF4B-00C04F79EFBC}") = "Runway_Hair_Salon", "Runway_Hair_Salon\Runway_Hair_Salon.csproj", "{45F0D79D-512E-4AB7-9933-95C9C6C06FFB}"
EndProject
Global
	GlobalSection(SolutionConfigurationPlatforms) = preSolution
		Debug|Any CPU = Debug|Any CPU
		Release|Any CPU = Release|Any CPU
	EndGlobalSection
	GlobalSection(ProjectConfigurationPlatforms) = postSolution
		{45F0D79D-512E-4AB7-9933-95C9C6C06FFB}.Debug|Any CPU.ActiveCfg = Debug|Any CPU
		{45F0D79D-512E-4AB7-9933-95C9C6C06FFB}.Debug|Any CPU.Build.0 = Debug|Any CPU
		{45F0D79D-512E-4AB7-9933-95C9C6C06FFB}.Release|Any CPU.ActiveCfg = Release|Any CPU
		{45F0D79D-512E-4AB7-9933-95C9C6C06FFB}.Release|Any CPU.Build.0 = Release|Any CPU
	EndGlobalSection
	GlobalSection(SolutionProperties) = preSolution
		HideSolutionNode = FALSE
	EndGlobalSection
	GlobalSection(ExtensibilityGlobals) = postSolution
		SolutionGuid = {F7827D9F-244B-492C-9064-E9CC674A9574}
	EndGlobalSection
EndGlobal
